
Microsoft Visual Studio Solution File, Format Version 12.00
# Visual Studio Version 17
VisualStudioVersion = 17.7.34031.279
MinimumVisualStudioVersion = 10.0.40219.1
Project("{FAE04EC0-301F-11D3-BF4B-00C04F79EFBC}") = "ManageOrders", "ManageOrders.csproj", "{CFF2B725-AE95-43FF-80D3-73D46003A93F}"
EndProject
Global
	GlobalSection(SolutionConfigurationPlatforms) = preSolution
		Debug|Any CPU = Debug|Any CPU
		Release|Any CPU = Release|Any CPU
	EndGlobalSection
	GlobalSection(ProjectConfigurationPlatforms) = postSolution
		{CFF2B725-AE95-43FF-80D3-73D46003A93F}.Debug|Any CPU.ActiveCfg = Debug|Any CPU
		{CFF2B725-AE95-43FF-80D3-73D46003A93F}.Debug|Any CPU.Build.0 = Debug|Any CPU
		{CFF2B725-AE95-43FF-80D3-73D46003A93F}.Release|Any CPU.ActiveCfg = Release|Any CPU
		{CFF2B725-AE95-43FF-80D3-73D46003A93F}.Release|Any CPU.Build.0 = Release|Any CPU
	EndGlobalSection
	GlobalSection(SolutionProperties) = preSolution
		HideSolutionNode = FALSE
	EndGlobalSection
	GlobalSection(ExtensibilityGlobals) = postSolution
		SolutionGuid = {F3B5EAA2-BEDE-4A95-8349-1ABFE9B3BBA2}
	EndGlobalSection
EndGlobal
